// !$*UTF8*$!
{
	archiveVersion = 1;
	classes = {
	};
	objectVersion = 55;
	objects = {

/* Begin PBXBuildFile section */
		216A410DC37138665F2757C0 /* libPods-Evacool.a in Frameworks */ = {isa = PBXBuildFile; fileRef = 3188207C9A4E0EFE94E730D2 /* libPods-Evacool.a */; };
		450384822B4D0B5900184684 /* no.png in Resources */ = {isa = PBXBuildFile; fileRef = 450384812B4D0B5900184684 /* no.png */; };
		4508589A2B3B18ED00770387 /* fan3.png in Resources */ = {isa = PBXBuildFile; fileRef = 450858922B3B18EC00770387 /* fan3.png */; };
		4508589B2B3B18ED00770387 /* battery.png in Resources */ = {isa = PBXBuildFile; fileRef = 450858932B3B18ED00770387 /* battery.png */; };
		4508589C2B3B18ED00770387 /* fan2.png in Resources */ = {isa = PBXBuildFile; fileRef = 450858942B3B18ED00770387 /* fan2.png */; };
		4508589D2B3B18ED00770387 /* fan1.png in Resources */ = {isa = PBXBuildFile; fileRef = 450858952B3B18ED00770387 /* fan1.png */; };
		4508589E2B3B18ED00770387 /* bluetooth.png in Resources */ = {isa = PBXBuildFile; fileRef = 450858962B3B18ED00770387 /* bluetooth.png */; };
		4508589F2B3B18ED00770387 /* qr.png in Resources */ = {isa = PBXBuildFile; fileRef = 450858972B3B18ED00770387 /* qr.png */; };
		450858A02B3B18ED00770387 /* eco.png in Resources */ = {isa = PBXBuildFile; fileRef = 450858982B3B18ED00770387 /* eco.png */; };
		450858A12B3B18ED00770387 /* TURBO.png in Resources */ = {isa = PBXBuildFile; fileRef = 450858992B3B18ED00770387 /* TURBO.png */; };
		450858A42B3B195900770387 /* germany.png in Resources */ = {isa = PBXBuildFile; fileRef = 450858A22B3B195900770387 /* germany.png */; };
		450858A52B3B195900770387 /* instein.png in Resources */ = {isa = PBXBuildFile; fileRef = 450858A32B3B195900770387 /* instein.png */; };
		450858A82B3B257100770387 /* TruckViewController.m in Sources */ = {isa = PBXBuildFile; fileRef = 450858A72B3B257100770387 /* TruckViewController.m */; };
		453B79FA2B5CF97F008A6457 /* RegistViewController.m in Sources */ = {isa = PBXBuildFile; fileRef = 453B79F92B5CF97F008A6457 /* RegistViewController.m */; };
		453B79FD2B5D0ED0008A6457 /* ProfileViewController.m in Sources */ = {isa = PBXBuildFile; fileRef = 453B79FC2B5D0ED0008A6457 /* ProfileViewController.m */; };
		453B7A012B5D1C16008A6457 /* a91.png in Resources */ = {isa = PBXBuildFile; fileRef = 453B79FE2B5D1C16008A6457 /* a91.png */; };
		453B7A022B5D1C16008A6457 /* a1509.png in Resources */ = {isa = PBXBuildFile; fileRef = 453B79FF2B5D1C16008A6457 /* a1509.png */; };
		453B7A032B5D1C16008A6457 /* wps.png in Resources */ = {isa = PBXBuildFile; fileRef = 453B7A002B5D1C16008A6457 /* wps.png */; };
		453B7A052B5D2B70008A6457 /* goback.png in Resources */ = {isa = PBXBuildFile; fileRef = 453B7A042B5D2B70008A6457 /* goback.png */; };
		453B7A072B5D2FEF008A6457 /* greendot.png in Resources */ = {isa = PBXBuildFile; fileRef = 453B7A062B5D2FEF008A6457 /* greendot.png */; };
		453E124B2B3AC20200D5C032 /* HomeViewController.m in Sources */ = {isa = PBXBuildFile; fileRef = 453E124A2B3AC20200D5C032 /* HomeViewController.m */; };
		4543B0332B4810590070A847 /* crc.c in Sources */ = {isa = PBXBuildFile; fileRef = 4543B02A2B4810580070A847 /* crc.c */; };
		4543B0342B4810590070A847 /* DataWrite.m in Sources */ = {isa = PBXBuildFile; fileRef = 4543B02B2B4810580070A847 /* DataWrite.m */; };
		4543B0352B4810590070A847 /* dataCode.m in Sources */ = {isa = PBXBuildFile; fileRef = 4543B02D2B4810580070A847 /* dataCode.m */; };
		4543B0362B4810590070A847 /* DataRead.m in Sources */ = {isa = PBXBuildFile; fileRef = 4543B0302B4810580070A847 /* DataRead.m */; };
		4543B03B2B4814BD0070A847 /* DataReadR.m in Sources */ = {isa = PBXBuildFile; fileRef = 4543B0392B4814BC0070A847 /* DataReadR.m */; };
		4543B0532B4833D60070A847 /* 8.png in Resources */ = {isa = PBXBuildFile; fileRef = 4543B03D2B4833D60070A847 /* 8.png */; };
		4543B0542B4833D60070A847 /* 9.png in Resources */ = {isa = PBXBuildFile; fileRef = 4543B03E2B4833D60070A847 /* 9.png */; };
		4543B0552B4833D60070A847 /* 14.png in Resources */ = {isa = PBXBuildFile; fileRef = 4543B03F2B4833D60070A847 /* 14.png */; };
		4543B0562B4833D60070A847 /* 15.png in Resources */ = {isa = PBXBuildFile; fileRef = 4543B0402B4833D60070A847 /* 15.png */; };
		4543B0572B4833D60070A847 /* 17.png in Resources */ = {isa = PBXBuildFile; fileRef = 4543B0412B4833D60070A847 /* 17.png */; };
		4543B0582B4833D60070A847 /* 16.png in Resources */ = {isa = PBXBuildFile; fileRef = 4543B0422B4833D60070A847 /* 16.png */; };
		4543B0592B4833D60070A847 /* 12.png in Resources */ = {isa = PBXBuildFile; fileRef = 4543B0432B4833D60070A847 /* 12.png */; };
		4543B05A2B4833D60070A847 /* 13.png in Resources */ = {isa = PBXBuildFile; fileRef = 4543B0442B4833D60070A847 /* 13.png */; };
		4543B05B2B4833D60070A847 /* 11.png in Resources */ = {isa = PBXBuildFile; fileRef = 4543B0452B4833D60070A847 /* 11.png */; };
		4543B05C2B4833D60070A847 /* 10.png in Resources */ = {isa = PBXBuildFile; fileRef = 4543B0462B4833D60070A847 /* 10.png */; };
		4543B05D2B4833D60070A847 /* 21.png in Resources */ = {isa = PBXBuildFile; fileRef = 4543B0472B4833D60070A847 /* 21.png */; };
		4543B05E2B4833D60070A847 /* 20.png in Resources */ = {isa = PBXBuildFile; fileRef = 4543B0482B4833D60070A847 /* 20.png */; };
		4543B05F2B4833D60070A847 /* 18.png in Resources */ = {isa = PBXBuildFile; fileRef = 4543B0492B4833D60070A847 /* 18.png */; };
		4543B0602B4833D60070A847 /* 19.png in Resources */ = {isa = PBXBuildFile; fileRef = 4543B04A2B4833D60070A847 /* 19.png */; };
		4543B0612B4833D60070A847 /* 4.png in Resources */ = {isa = PBXBuildFile; fileRef = 4543B04B2B4833D60070A847 /* 4.png */; };
		4543B0622B4833D60070A847 /* 5.png in Resources */ = {isa = PBXBuildFile; fileRef = 4543B04C2B4833D60070A847 /* 5.png */; };
		4543B0632B4833D60070A847 /* 7.png in Resources */ = {isa = PBXBuildFile; fileRef = 4543B04D2B4833D60070A847 /* 7.png */; };
		4543B0642B4833D60070A847 /* 6.png in Resources */ = {isa = PBXBuildFile; fileRef = 4543B04E2B4833D60070A847 /* 6.png */; };
		4543B0652B4833D60070A847 /* 2.png in Resources */ = {isa = PBXBuildFile; fileRef = 4543B04F2B4833D60070A847 /* 2.png */; };
		4543B0662B4833D60070A847 /* 3.png in Resources */ = {isa = PBXBuildFile; fileRef = 4543B0502B4833D60070A847 /* 3.png */; };
		4543B0672B4833D60070A847 /* 1.png in Resources */ = {isa = PBXBuildFile; fileRef = 4543B0512B4833D60070A847 /* 1.png */; };
		4543B0682B4833D60070A847 /* 0.png in Resources */ = {isa = PBXBuildFile; fileRef = 4543B0522B4833D60070A847 /* 0.png */; };
		454D86162B5C36A100938793 /* btreturn.png in Resources */ = {isa = PBXBuildFile; fileRef = 454D86152B5C36A100938793 /* btreturn.png */; };
		454D86192B5C548100938793 /* swon.png in Resources */ = {isa = PBXBuildFile; fileRef = 454D86172B5C548100938793 /* swon.png */; };
		454D861A2B5C548100938793 /* swoff.png in Resources */ = {isa = PBXBuildFile; fileRef = 454D86182B5C548100938793 /* swoff.png */; };
		454D861C2B5C83F200938793 /* switchoff.png in Resources */ = {isa = PBXBuildFile; fileRef = 454D861B2B5C83F200938793 /* switchoff.png */; };
		454E9F102B3AEE93009F7B3A /* rv12.png in Resources */ = {isa = PBXBuildFile; fileRef = 454E9F0D2B3AEE93009F7B3A /* rv12.png */; };
		454E9F112B3AEE93009F7B3A /* trunk.png in Resources */ = {isa = PBXBuildFile; fileRef = 454E9F0E2B3AEE93009F7B3A /* trunk.png */; };
		454E9F122B3AEE93009F7B3A /* rv24.png in Resources */ = {isa = PBXBuildFile; fileRef = 454E9F0F2B3AEE93009F7B3A /* rv24.png */; };
		454E9F542B3AF08F009F7B3A /* arefaction_on.png in Resources */ = {isa = PBXBuildFile; fileRef = 454E9F132B3AF08B009F7B3A /* arefaction_on.png */; };
		454E9F552B3AF08F009F7B3A /* plus.png in Resources */ = {isa = PBXBuildFile; fileRef = 454E9F142B3AF08B009F7B3A /* plus.png */; };
		454E9F562B3AF08F009F7B3A /* swap.png in Resources */ = {isa = PBXBuildFile; fileRef = 454E9F152B3AF08C009F7B3A /* swap.png */; };
		454E9F572B3AF08F009F7B3A /* home_car.png in Resources */ = {isa = PBXBuildFile; fileRef = 454E9F162B3AF08C009F7B3A /* home_car.png */; };
		454E9F5B2B3AF08F009F7B3A /* fan_off.png in Resources */ = {isa = PBXBuildFile; fileRef = 454E9F1A2B3AF08C009F7B3A /* fan_off.png */; };
		454E9F5F2B3AF08F009F7B3A /* new_light_on.png in Resources */ = {isa = PBXBuildFile; fileRef = 454E9F1E2B3AF08C009F7B3A /* new_light_on.png */; };
		454E9F632B3AF08F009F7B3A /* light_off.png in Resources */ = {isa = PBXBuildFile; fileRef = 454E9F222B3AF08C009F7B3A /* light_off.png */; };
		454E9F642B3AF08F009F7B3A /* heat_off.png in Resources */ = {isa = PBXBuildFile; fileRef = 454E9F232B3AF08C009F7B3A /* heat_off.png */; };
		454E9F652B3AF08F009F7B3A /* switch_off.png in Resources */ = {isa = PBXBuildFile; fileRef = 454E9F242B3AF08C009F7B3A /* switch_off.png */; };
		454E9F682B3AF08F009F7B3A /* new_light_off.png in Resources */ = {isa = PBXBuildFile; fileRef = 454E9F272B3AF08D009F7B3A /* new_light_off.png */; };
		454E9F6A2B3AF08F009F7B3A /* fan_on.png in Resources */ = {isa = PBXBuildFile; fileRef = 454E9F292B3AF08D009F7B3A /* fan_on.png */; };
		454E9F6B2B3AF08F009F7B3A /* qrcode.jpg in Resources */ = {isa = PBXBuildFile; fileRef = 454E9F2A2B3AF08D009F7B3A /* qrcode.jpg */; };
		454E9F6E2B3AF08F009F7B3A /* my_logo.jpg in Resources */ = {isa = PBXBuildFile; fileRef = 454E9F2D2B3AF08D009F7B3A /* my_logo.jpg */; };
		454E9F742B3AF08F009F7B3A /* back_mine.png in Resources */ = {isa = PBXBuildFile; fileRef = 454E9F332B3AF08D009F7B3A /* back_mine.png */; };
		454E9F762B3AF08F009F7B3A /* sleep_on.png in Resources */ = {isa = PBXBuildFile; fileRef = 454E9F352B3AF08D009F7B3A /* sleep_on.png */; };
		454E9F7A2B3AF08F009F7B3A /* ice.png in Resources */ = {isa = PBXBuildFile; fileRef = 454E9F392B3AF08E009F7B3A /* ice.png */; };
		454E9F7C2B3AF08F009F7B3A /* share_logo.png in Resources */ = {isa = PBXBuildFile; fileRef = 454E9F3B2B3AF08E009F7B3A /* share_logo.png */; };
		454E9F7D2B3AF08F009F7B3A /* switch_on.png in Resources */ = {isa = PBXBuildFile; fileRef = 454E9F3C2B3AF08E009F7B3A /* switch_on.png */; };
		454E9F7F2B3AF08F009F7B3A /* switch.png in Resources */ = {isa = PBXBuildFile; fileRef = 454E9F3E2B3AF08E009F7B3A /* switch.png */; };
		454E9F812B3AF08F009F7B3A /* logo.png in Resources */ = {isa = PBXBuildFile; fileRef = 454E9F402B3AF08E009F7B3A /* logo.png */; };
		454E9F832B3AF08F009F7B3A /* mine.png in Resources */ = {isa = PBXBuildFile; fileRef = 454E9F422B3AF08E009F7B3A /* mine.png */; };
		454E9F842B3AF08F009F7B3A /* light_on.png in Resources */ = {isa = PBXBuildFile; fileRef = 454E9F432B3AF08E009F7B3A /* light_on.png */; };
		454E9F872B3AF08F009F7B3A /* arefaction_off.png in Resources */ = {isa = PBXBuildFile; fileRef = 454E9F462B3AF08E009F7B3A /* arefaction_off.png */; };
		454E9F8C2B3AF08F009F7B3A /* sleep_off.png in Resources */ = {isa = PBXBuildFile; fileRef = 454E9F4B2B3AF08E009F7B3A /* sleep_off.png */; };
		454E9F8E2B3AF08F009F7B3A /* heat_on.png in Resources */ = {isa = PBXBuildFile; fileRef = 454E9F4D2B3AF08E009F7B3A /* heat_on.png */; };
		454E9F8F2B3AF08F009F7B3A /* new_background.jpg in Resources */ = {isa = PBXBuildFile; fileRef = 454E9F4E2B3AF08F009F7B3A /* new_background.jpg */; };
		454E9F932B3AF08F009F7B3A /* ice_on.png in Resources */ = {isa = PBXBuildFile; fileRef = 454E9F522B3AF08F009F7B3A /* ice_on.png */; };
		4552FDB02B57774000FE693F /* CDZQRScanView.m in Sources */ = {isa = PBXBuildFile; fileRef = 4552FDAF2B57774000FE693F /* CDZQRScanView.m */; };
		4552FDB32B57777900FE693F /* CDZQRScanViewController.m in Sources */ = {isa = PBXBuildFile; fileRef = 4552FDB22B57777900FE693F /* CDZQRScanViewController.m */; };
		4562D7972B5C21FD007C871C /* LogoViewController.m in Sources */ = {isa = PBXBuildFile; fileRef = 4562D7962B5C21FD007C871C /* LogoViewController.m */; };
		4567B8C32B3B06EF006DD662 /* imagehome.png in Resources */ = {isa = PBXBuildFile; fileRef = 4567B8C22B3B06EE006DD662 /* imagehome.png */; };
		4567B8C52B3B146D006DD662 /* imagetop.png in Resources */ = {isa = PBXBuildFile; fileRef = 4567B8C42B3B146D006DD662 /* imagetop.png */; };
		457F8AFA2B1EAB0300FA7ABB /* AppDelegate.m in Sources */ = {isa = PBXBuildFile; fileRef = 457F8AF92B1EAB0300FA7ABB /* AppDelegate.m */; };
		457F8AFD2B1EAB0300FA7ABB /* SceneDelegate.m in Sources */ = {isa = PBXBuildFile; fileRef = 457F8AFC2B1EAB0300FA7ABB /* SceneDelegate.m */; };
		457F8B032B1EAB0300FA7ABB /* Main.storyboard in Resources */ = {isa = PBXBuildFile; fileRef = 457F8B012B1EAB0300FA7ABB /* Main.storyboard */; };
		457F8B052B1EAB0700FA7ABB /* Assets.xcassets in Resources */ = {isa = PBXBuildFile; fileRef = 457F8B042B1EAB0700FA7ABB /* Assets.xcassets */; };
		457F8B082B1EAB0700FA7ABB /* LaunchScreen.storyboard in Resources */ = {isa = PBXBuildFile; fileRef = 457F8B062B1EAB0700FA7ABB /* LaunchScreen.storyboard */; };
		457F8B0B2B1EAB0700FA7ABB /* main.m in Sources */ = {isa = PBXBuildFile; fileRef = 457F8B0A2B1EAB0700FA7ABB /* main.m */; };
		45A82F762B47EB5C002413AC /* RoomViewController.m in Sources */ = {isa = PBXBuildFile; fileRef = 45A82F752B47EB5B002413AC /* RoomViewController.m */; };
		45D49FBE2B3C7352001A4E22 /* d5.png in Resources */ = {isa = PBXBuildFile; fileRef = 45D49FA72B3C7350001A4E22 /* d5.png */; };
		45D49FBF2B3C7352001A4E22 /* turbooff.png in Resources */ = {isa = PBXBuildFile; fileRef = 45D49FA82B3C7350001A4E22 /* turbooff.png */; };
		45D49FC02B3C7352001A4E22 /* ecooff.png in Resources */ = {isa = PBXBuildFile; fileRef = 45D49FA92B3C7350001A4E22 /* ecooff.png */; };
		45D49FC12B3C7352001A4E22 /* turboon.png in Resources */ = {isa = PBXBuildFile; fileRef = 45D49FAA2B3C7350001A4E22 /* turboon.png */; };
		45D49FC22B3C7352001A4E22 /* d3.png in Resources */ = {isa = PBXBuildFile; fileRef = 45D49FAB2B3C7350001A4E22 /* d3.png */; };
		45D49FC32B3C7352001A4E22 /* batteryoff.png in Resources */ = {isa = PBXBuildFile; fileRef = 45D49FAC2B3C7350001A4E22 /* batteryoff.png */; };
		45D49FC42B3C7352001A4E22 /* cooloff.png in Resources */ = {isa = PBXBuildFile; fileRef = 45D49FAD2B3C7350001A4E22 /* cooloff.png */; };
		45D49FC52B3C7352001A4E22 /* ecoon.png in Resources */ = {isa = PBXBuildFile; fileRef = 45D49FAE2B3C7350001A4E22 /* ecoon.png */; };
		45D49FC62B3C7352001A4E22 /* f3.png in Resources */ = {isa = PBXBuildFile; fileRef = 45D49FAF2B3C7351001A4E22 /* f3.png */; };
		45D49FC72B3C7352001A4E22 /* batteryon.png in Resources */ = {isa = PBXBuildFile; fileRef = 45D49FB02B3C7351001A4E22 /* batteryon.png */; };
		45D49FC82B3C7352001A4E22 /* 23.png in Resources */ = {isa = PBXBuildFile; fileRef = 45D49FB12B3C7351001A4E22 /* 23.png */; };
		45D49FC92B3C7352001A4E22 /* f4.png in Resources */ = {isa = PBXBuildFile; fileRef = 45D49FB22B3C7351001A4E22 /* f4.png */; };
		45D49FCA2B3C7352001A4E22 /* 22.png in Resources */ = {isa = PBXBuildFile; fileRef = 45D49FB32B3C7351001A4E22 /* 22.png */; };
		45D49FCB2B3C7352001A4E22 /* f2.png in Resources */ = {isa = PBXBuildFile; fileRef = 45D49FB42B3C7351001A4E22 /* f2.png */; };
		45D49FCC2B3C7352001A4E22 /* d4.png in Resources */ = {isa = PBXBuildFile; fileRef = 45D49FB52B3C7351001A4E22 /* d4.png */; };
		45D49FCD2B3C7352001A4E22 /* f5.png in Resources */ = {isa = PBXBuildFile; fileRef = 45D49FB62B3C7351001A4E22 /* f5.png */; };
		45D49FCE2B3C7352001A4E22 /* coolon.png in Resources */ = {isa = PBXBuildFile; fileRef = 45D49FB72B3C7351001A4E22 /* coolon.png */; };
		45D49FCF2B3C7352001A4E22 /* power.png in Resources */ = {isa = PBXBuildFile; fileRef = 45D49FB82B3C7351001A4E22 /* power.png */; };
		45D49FD02B3C7352001A4E22 /* d1.png in Resources */ = {isa = PBXBuildFile; fileRef = 45D49FB92B3C7351001A4E22 /* d1.png */; };
		45D49FD12B3C7352001A4E22 /* f1.png in Resources */ = {isa = PBXBuildFile; fileRef = 45D49FBA2B3C7351001A4E22 /* f1.png */; };
		45D49FD22B3C7352001A4E22 /* fanoff.png in Resources */ = {isa = PBXBuildFile; fileRef = 45D49FBB2B3C7351001A4E22 /* fanoff.png */; };
		45D49FD32B3C7352001A4E22 /* fanon.png in Resources */ = {isa = PBXBuildFile; fileRef = 45D49FBC2B3C7351001A4E22 /* fanon.png */; };
		45D49FD42B3C7352001A4E22 /* d2.png in Resources */ = {isa = PBXBuildFile; fileRef = 45D49FBD2B3C7352001A4E22 /* d2.png */; };
		45D49FD92B3D820A001A4E22 /* add.png in Resources */ = {isa = PBXBuildFile; fileRef = 45D49FD52B3D820A001A4E22 /* add.png */; };
		45D49FDA2B3D820A001A4E22 /* jia.png in Resources */ = {isa = PBXBuildFile; fileRef = 45D49FD62B3D820A001A4E22 /* jia.png */; };
		45D49FDB2B3D820A001A4E22 /* jian.png in Resources */ = {isa = PBXBuildFile; fileRef = 45D49FD72B3D820A001A4E22 /* jian.png */; };
		45D49FDC2B3D820A001A4E22 /* minus.png in Resources */ = {isa = PBXBuildFile; fileRef = 45D49FD82B3D820A001A4E22 /* minus.png */; };
		45D49FDF2B3D952F001A4E22 /* SemiCircleProgressView.m in Sources */ = {isa = PBXBuildFile; fileRef = 45D49FDD2B3D952F001A4E22 /* SemiCircleProgressView.m */; };
		45D4A13D2B45357B001A4E22 /* switch.png in Resources */ = {isa = PBXBuildFile; fileRef = 45D4A13C2B45357B001A4E22 /* switch.png */; };
		45DF31252B4547BA00519C55 /* detailViewController.m in Sources */ = {isa = PBXBuildFile; fileRef = 45DF31242B4547BA00519C55 /* detailViewController.m */; };
		45DF31282B4547E000519C55 /* faultsViewController.m in Sources */ = {isa = PBXBuildFile; fileRef = 45DF31272B4547E000519C55 /* faultsViewController.m */; };
/* End PBXBuildFile section */

/* Begin PBXFileReference section */
		0A2D54A10E4E4677C3A236BC /* Pods-Evacool.release.xcconfig */ = {isa = PBXFileReference; includeInIndex = 1; lastKnownFileType = text.xcconfig; name = "Pods-Evacool.release.xcconfig"; path = "Target Support Files/Pods-Evacool/Pods-Evacool.release.xcconfig"; sourceTree = "<group>"; };
		3188207C9A4E0EFE94E730D2 /* libPods-Evacool.a */ = {isa = PBXFileReference; explicitFileType = archive.ar; includeInIndex = 0; path = "libPods-Evacool.a"; sourceTree = BUILT_PRODUCTS_DIR; };
		3EFDE5DAEA1B853364A7C78F /* Pods-Evacool.debug.xcconfig */ = {isa = PBXFileReference; includeInIndex = 1; lastKnownFileType = text.xcconfig; name = "Pods-Evacool.debug.xcconfig"; path = "Target Support Files/Pods-Evacool/Pods-Evacool.debug.xcconfig"; sourceTree = "<group>"; };
		450384812B4D0B5900184684 /* no.png */ = {isa = PBXFileReference; lastKnownFileType = image.png; path = no.png; sourceTree = "<group>"; };
		450858922B3B18EC00770387 /* fan3.png */ = {isa = PBXFileReference; lastKnownFileType = image.png; path = fan3.png; sourceTree = "<group>"; };
		450858932B3B18ED00770387 /* battery.png */ = {isa = PBXFileReference; lastKnownFileType = image.png; path = battery.png; sourceTree = "<group>"; };
		450858942B3B18ED00770387 /* fan2.png */ = {isa = PBXFileReference; lastKnownFileType = image.png; path = fan2.png; sourceTree = "<group>"; };
		450858952B3B18ED00770387 /* fan1.png */ = {isa = PBXFileReference; lastKnownFileType = image.png; path = fan1.png; sourceTree = "<group>"; };
		450858962B3B18ED00770387 /* bluetooth.png */ = {isa = PBXFileReference; lastKnownFileType = image.png; path = bluetooth.png; sourceTree = "<group>"; };
		450858972B3B18ED00770387 /* qr.png */ = {isa = PBXFileReference; lastKnownFileType = image.png; path = qr.png; sourceTree = "<group>"; };
		450858982B3B18ED00770387 /* eco.png */ = {isa = PBXFileReference; lastKnownFileType = image.png; path = eco.png; sourceTree = "<group>"; };
		450858992B3B18ED00770387 /* TURBO.png */ = {isa = PBXFileReference; lastKnownFileType = image.png; path = TURBO.png; sourceTree = "<group>"; };
		450858A22B3B195900770387 /* germany.png */ = {isa = PBXFileReference; lastKnownFileType = image.png; path = germany.png; sourceTree = "<group>"; };
		450858A32B3B195900770387 /* instein.png */ = {isa = PBXFileReference; lastKnownFileType = image.png; path = instein.png; sourceTree = "<group>"; };
		450858A62B3B257100770387 /* TruckViewController.h */ = {isa = PBXFileReference; lastKnownFileType = sourcecode.c.h; name = TruckViewController.h; path = Evacool/TruckViewController.h; sourceTree = SOURCE_ROOT; };
		450858A72B3B257100770387 /* TruckViewController.m */ = {isa = PBXFileReference; lastKnownFileType = sourcecode.c.objc; name = TruckViewController.m; path = Evacool/TruckViewController.m; sourceTree = SOURCE_ROOT; };
		453B79F82B5CF97F008A6457 /* RegistViewController.h */ = {isa = PBXFileReference; lastKnownFileType = sourcecode.c.h; path = RegistViewController.h; sourceTree = "<group>"; };
		453B79F92B5CF97F008A6457 /* RegistViewController.m */ = {isa = PBXFileReference; lastKnownFileType = sourcecode.c.objc; path = RegistViewController.m; sourceTree = "<group>"; };
		453B79FB2B5D0ED0008A6457 /* ProfileViewController.h */ = {isa = PBXFileReference; lastKnownFileType = sourcecode.c.h; path = ProfileViewController.h; sourceTree = "<group>"; };
		453B79FC2B5D0ED0008A6457 /* ProfileViewController.m */ = {isa = PBXFileReference; lastKnownFileType = sourcecode.c.objc; path = ProfileViewController.m; sourceTree = "<group>"; };
		453B79FE2B5D1C16008A6457 /* a91.png */ = {isa = PBXFileReference; lastKnownFileType = image.png; path = a91.png; sourceTree = "<group>"; };
		453B79FF2B5D1C16008A6457 /* a1509.png */ = {isa = PBXFileReference; lastKnownFileType = image.png; path = a1509.png; sourceTree = "<group>"; };
		453B7A002B5D1C16008A6457 /* wps.png */ = {isa = PBXFileReference; lastKnownFileType = image.png; path = wps.png; sourceTree = "<group>"; };
		453B7A042B5D2B70008A6457 /* goback.png */ = {isa = PBXFileReference; lastKnownFileType = image.png; path = goback.png; sourceTree = "<group>"; };
		453B7A062B5D2FEF008A6457 /* greendot.png */ = {isa = PBXFileReference; lastKnownFileType = image.png; path = greendot.png; sourceTree = "<group>"; };
		453E12492B3AC20200D5C032 /* HomeViewController.h */ = {isa = PBXFileReference; lastKnownFileType = sourcecode.c.h; path = HomeViewController.h; sourceTree = "<group>"; };
		453E124A2B3AC20200D5C032 /* HomeViewController.m */ = {isa = PBXFileReference; lastKnownFileType = sourcecode.c.objc; path = HomeViewController.m; sourceTree = "<group>"; };
		4543B0292B4810580070A847 /* DataWrite.h */ = {isa = PBXFileReference; fileEncoding = 4; lastKnownFileType = sourcecode.c.h; name = DataWrite.h; path = Datas/DataWrite.h; sourceTree = SOURCE_ROOT; };
		4543B02A2B4810580070A847 /* crc.c */ = {isa = PBXFileReference; fileEncoding = 4; lastKnownFileType = sourcecode.c.c; name = crc.c; path = Datas/crc.c; sourceTree = SOURCE_ROOT; };
		4543B02B2B4810580070A847 /* DataWrite.m */ = {isa = PBXFileReference; fileEncoding = 4; lastKnownFileType = sourcecode.c.objc; name = DataWrite.m; path = Datas/DataWrite.m; sourceTree = SOURCE_ROOT; };
		4543B02D2B4810580070A847 /* dataCode.m */ = {isa = PBXFileReference; fileEncoding = 4; lastKnownFileType = sourcecode.c.objc; name = dataCode.m; path = Datas/dataCode.m; sourceTree = SOURCE_ROOT; };
		4543B02E2B4810580070A847 /* dataCode.h */ = {isa = PBXFileReference; fileEncoding = 4; lastKnownFileType = sourcecode.c.h; name = dataCode.h; path = Datas/dataCode.h; sourceTree = SOURCE_ROOT; };
		4543B02F2B4810580070A847 /* crc.h */ = {isa = PBXFileReference; fileEncoding = 4; lastKnownFileType = sourcecode.c.h; name = crc.h; path = Datas/crc.h; sourceTree = SOURCE_ROOT; };
		4543B0302B4810580070A847 /* DataRead.m */ = {isa = PBXFileReference; fileEncoding = 4; lastKnownFileType = sourcecode.c.objc; name = DataRead.m; path = Datas/DataRead.m; sourceTree = SOURCE_ROOT; };
		4543B0382B4812620070A847 /* DataRead.h */ = {isa = PBXFileReference; fileEncoding = 4; lastKnownFileType = sourcecode.c.h; name = DataRead.h; path = Datas/DataRead.h; sourceTree = SOURCE_ROOT; };
		4543B0392B4814BC0070A847 /* DataReadR.m */ = {isa = PBXFileReference; fileEncoding = 4; lastKnownFileType = sourcecode.c.objc; name = DataReadR.m; path = Datas/DataReadR.m; sourceTree = SOURCE_ROOT; };
		4543B03A2B4814BC0070A847 /* DataReadR.h */ = {isa = PBXFileReference; fileEncoding = 4; lastKnownFileType = sourcecode.c.h; name = DataReadR.h; path = Datas/DataReadR.h; sourceTree = SOURCE_ROOT; };
		4543B03D2B4833D60070A847 /* 8.png */ = {isa = PBXFileReference; lastKnownFileType = image.png; path = 8.png; sourceTree = "<group>"; };
		4543B03E2B4833D60070A847 /* 9.png */ = {isa = PBXFileReference; lastKnownFileType = image.png; path = 9.png; sourceTree = "<group>"; };
		4543B03F2B4833D60070A847 /* 14.png */ = {isa = PBXFileReference; lastKnownFileType = image.png; path = 14.png; sourceTree = "<group>"; };
		4543B0402B4833D60070A847 /* 15.png */ = {isa = PBXFileReference; lastKnownFileType = image.png; path = 15.png; sourceTree = "<group>"; };
		4543B0412B4833D60070A847 /* 17.png */ = {isa = PBXFileReference; lastKnownFileType = image.png; path = 17.png; sourceTree = "<group>"; };
		4543B0422B4833D60070A847 /* 16.png */ = {isa = PBXFileReference; lastKnownFileType = image.png; path = 16.png; sourceTree = "<group>"; };
		4543B0432B4833D60070A847 /* 12.png */ = {isa = PBXFileReference; lastKnownFileType = image.png; path = 12.png; sourceTree = "<group>"; };
		4543B0442B4833D60070A847 /* 13.png */ = {isa = PBXFileReference; lastKnownFileType = image.png; path = 13.png; sourceTree = "<group>"; };
		4543B0452B4833D60070A847 /* 11.png */ = {isa = PBXFileReference; lastKnownFileType = image.png; path = 11.png; sourceTree = "<group>"; };
		4543B0462B4833D60070A847 /* 10.png */ = {isa = PBXFileReference; lastKnownFileType = image.png; path = 10.png; sourceTree = "<group>"; };
		4543B0472B4833D60070A847 /* 21.png */ = {isa = PBXFileReference; lastKnownFileType = image.png; path = 21.png; sourceTree = "<group>"; };
		4543B0482B4833D60070A847 /* 20.png */ = {isa = PBXFileReference; lastKnownFileType = image.png; path = 20.png; sourceTree = "<group>"; };
		4543B0492B4833D60070A847 /* 18.png */ = {isa = PBXFileReference; lastKnownFileType = image.png; path = 18.png; sourceTree = "<group>"; };
		4543B04A2B4833D60070A847 /* 19.png */ = {isa = PBXFileReference; lastKnownFileType = image.png; path = 19.png; sourceTree = "<group>"; };
		4543B04B2B4833D60070A847 /* 4.png */ = {isa = PBXFileReference; lastKnownFileType = image.png; path = 4.png; sourceTree = "<group>"; };
		4543B04C2B4833D60070A847 /* 5.png */ = {isa = PBXFileReference; lastKnownFileType = image.png; path = 5.png; sourceTree = "<group>"; };
		4543B04D2B4833D60070A847 /* 7.png */ = {isa = PBXFileReference; lastKnownFileType = image.png; path = 7.png; sourceTree = "<group>"; };
		4543B04E2B4833D60070A847 /* 6.png */ = {isa = PBXFileReference; lastKnownFileType = image.png; path = 6.png; sourceTree = "<group>"; };
		4543B04F2B4833D60070A847 /* 2.png */ = {isa = PBXFileReference; lastKnownFileType = image.png; path = 2.png; sourceTree = "<group>"; };
		4543B0502B4833D60070A847 /* 3.png */ = {isa = PBXFileReference; lastKnownFileType = image.png; path = 3.png; sourceTree = "<group>"; };
		4543B0512B4833D60070A847 /* 1.png */ = {isa = PBXFileReference; lastKnownFileType = image.png; path = 1.png; sourceTree = "<group>"; };
		4543B0522B4833D60070A847 /* 0.png */ = {isa = PBXFileReference; lastKnownFileType = image.png; path = 0.png; sourceTree = "<group>"; };
		454D86152B5C36A100938793 /* btreturn.png */ = {isa = PBXFileReference; lastKnownFileType = image.png; path = btreturn.png; sourceTree = "<group>"; };
		454D86172B5C548100938793 /* swon.png */ = {isa = PBXFileReference; lastKnownFileType = image.png; path = swon.png; sourceTree = "<group>"; };
		454D86182B5C548100938793 /* swoff.png */ = {isa = PBXFileReference; lastKnownFileType = image.png; path = swoff.png; sourceTree = "<group>"; };
		454D861B2B5C83F200938793 /* switchoff.png */ = {isa = PBXFileReference; lastKnownFileType = image.png; path = switchoff.png; sourceTree = "<group>"; };
		454E4D4A2B48086F00B0423E /* SemiCircleProgressView.h */ = {isa = PBXFileReference; lastKnownFileType = sourcecode.c.h; name = SemiCircleProgressView.h; path = Evacool/SemiCircleProgressView.h; sourceTree = SOURCE_ROOT; };
		454E9F0D2B3AEE93009F7B3A /* rv12.png */ = {isa = PBXFileReference; lastKnownFileType = image.png; path = rv12.png; sourceTree = "<group>"; };
		454E9F0E2B3AEE93009F7B3A /* trunk.png */ = {isa = PBXFileReference; lastKnownFileType = image.png; path = trunk.png; sourceTree = "<group>"; };
		454E9F0F2B3AEE93009F7B3A /* rv24.png */ = {isa = PBXFileReference; lastKnownFileType = image.png; path = rv24.png; sourceTree = "<group>"; };
		454E9F132B3AF08B009F7B3A /* arefaction_on.png */ = {isa = PBXFileReference; lastKnownFileType = image.png; path = arefaction_on.png; sourceTree = "<group>"; };
		454E9F142B3AF08B009F7B3A /* plus.png */ = {isa = PBXFileReference; lastKnownFileType = image.png; path = plus.png; sourceTree = "<group>"; };
		454E9F152B3AF08C009F7B3A /* swap.png */ = {isa = PBXFileReference; lastKnownFileType = image.png; path = swap.png; sourceTree = "<group>"; };
		454E9F162B3AF08C009F7B3A /* home_car.png */ = {isa = PBXFileReference; lastKnownFileType = image.png; path = home_car.png; sourceTree = "<group>"; };
		454E9F1A2B3AF08C009F7B3A /* fan_off.png */ = {isa = PBXFileReference; lastKnownFileType = image.png; path = fan_off.png; sourceTree = "<group>"; };
		454E9F1E2B3AF08C009F7B3A /* new_light_on.png */ = {isa = PBXFileReference; lastKnownFileType = image.png; path = new_light_on.png; sourceTree = "<group>"; };
		454E9F222B3AF08C009F7B3A /* light_off.png */ = {isa = PBXFileReference; lastKnownFileType = image.png; path = light_off.png; sourceTree = "<group>"; };
		454E9F232B3AF08C009F7B3A /* heat_off.png */ = {isa = PBXFileReference; lastKnownFileType = image.png; path = heat_off.png; sourceTree = "<group>"; };
		454E9F242B3AF08C009F7B3A /* switch_off.png */ = {isa = PBXFileReference; lastKnownFileType = image.png; path = switch_off.png; sourceTree = "<group>"; };
		454E9F272B3AF08D009F7B3A /* new_light_off.png */ = {isa = PBXFileReference; lastKnownFileType = image.png; path = new_light_off.png; sourceTree = "<group>"; };
		454E9F292B3AF08D009F7B3A /* fan_on.png */ = {isa = PBXFileReference; lastKnownFileType = image.png; path = fan_on.png; sourceTree = "<group>"; };
		454E9F2A2B3AF08D009F7B3A /* qrcode.jpg */ = {isa = PBXFileReference; lastKnownFileType = image.jpeg; path = qrcode.jpg; sourceTree = "<group>"; };
		454E9F2D2B3AF08D009F7B3A /* my_logo.jpg */ = {isa = PBXFileReference; lastKnownFileType = image.jpeg; path = my_logo.jpg; sourceTree = "<group>"; };
		454E9F332B3AF08D009F7B3A /* back_mine.png */ = {isa = PBXFileReference; lastKnownFileType = image.png; path = back_mine.png; sourceTree = "<group>"; };
		454E9F352B3AF08D009F7B3A /* sleep_on.png */ = {isa = PBXFileReference; lastKnownFileType = image.png; path = sleep_on.png; sourceTree = "<group>"; };
		454E9F392B3AF08E009F7B3A /* ice.png */ = {isa = PBXFileReference; lastKnownFileType = image.png; path = ice.png; sourceTree = "<group>"; };
		454E9F3B2B3AF08E009F7B3A /* share_logo.png */ = {isa = PBXFileReference; lastKnownFileType = image.png; path = share_logo.png; sourceTree = "<group>"; };
		454E9F3C2B3AF08E009F7B3A /* switch_on.png */ = {isa = PBXFileReference; lastKnownFileType = image.png; path = switch_on.png; sourceTree = "<group>"; };
		454E9F3E2B3AF08E009F7B3A /* switch.png */ = {isa = PBXFileReference; lastKnownFileType = image.png; path = switch.png; sourceTree = "<group>"; };
		454E9F402B3AF08E009F7B3A /* logo.png */ = {isa = PBXFileReference; lastKnownFileType = image.png; path = logo.png; sourceTree = "<group>"; };
		454E9F422B3AF08E009F7B3A /* mine.png */ = {isa = PBXFileReference; lastKnownFileType = image.png; path = mine.png; sourceTree = "<group>"; };
		454E9F432B3AF08E009F7B3A /* light_on.png */ = {isa = PBXFileReference; lastKnownFileType = image.png; path = light_on.png; sourceTree = "<group>"; };
		454E9F462B3AF08E009F7B3A /* arefaction_off.png */ = {isa = PBXFileReference; lastKnownFileType = image.png; path = arefaction_off.png; sourceTree = "<group>"; };
		454E9F4B2B3AF08E009F7B3A /* sleep_off.png */ = {isa = PBXFileReference; lastKnownFileType = image.png; path = sleep_off.png; sourceTree = "<group>"; };
		454E9F4D2B3AF08E009F7B3A /* heat_on.png */ = {isa = PBXFileReference; lastKnownFileType = image.png; path = heat_on.png; sourceTree = "<group>"; };
		454E9F4E2B3AF08F009F7B3A /* new_background.jpg */ = {isa = PBXFileReference; lastKnownFileType = image.jpeg; path = new_background.jpg; sourceTree = "<group>"; };
		454E9F522B3AF08F009F7B3A /* ice_on.png */ = {isa = PBXFileReference; lastKnownFileType = image.png; path = ice_on.png; sourceTree = "<group>"; };
		4552FDAE2B57774000FE693F /* CDZQRScanView.h */ = {isa = PBXFileReference; fileEncoding = 4; lastKnownFileType = sourcecode.c.h; path = CDZQRScanView.h; sourceTree = "<group>"; };
		4552FDAF2B57774000FE693F /* CDZQRScanView.m */ = {isa = PBXFileReference; fileEncoding = 4; lastKnownFileType = sourcecode.c.objc; path = CDZQRScanView.m; sourceTree = "<group>"; };
		4552FDB12B57777900FE693F /* CDZQRScanViewController.h */ = {isa = PBXFileReference; fileEncoding = 4; lastKnownFileType = sourcecode.c.h; path = CDZQRScanViewController.h; sourceTree = "<group>"; };
		4552FDB22B57777900FE693F /* CDZQRScanViewController.m */ = {isa = PBXFileReference; fileEncoding = 4; lastKnownFileType = sourcecode.c.objc; path = CDZQRScanViewController.m; sourceTree = "<group>"; };
		4562D7952B5C21FD007C871C /* LogoViewController.h */ = {isa = PBXFileReference; lastKnownFileType = sourcecode.c.h; path = LogoViewController.h; sourceTree = "<group>"; };
		4562D7962B5C21FD007C871C /* LogoViewController.m */ = {isa = PBXFileReference; lastKnownFileType = sourcecode.c.objc; path = LogoViewController.m; sourceTree = "<group>"; };
		4567B8C22B3B06EE006DD662 /* imagehome.png */ = {isa = PBXFileReference; lastKnownFileType = image.png; path = imagehome.png; sourceTree = "<group>"; };
		4567B8C42B3B146D006DD662 /* imagetop.png */ = {isa = PBXFileReference; lastKnownFileType = image.png; path = imagetop.png; sourceTree = "<group>"; };
		457F8AF52B1EAB0300FA7ABB /* Evacool.app */ = {isa = PBXFileReference; explicitFileType = wrapper.application; includeInIndex = 0; path = Evacool.app; sourceTree = BUILT_PRODUCTS_DIR; };
		457F8AF82B1EAB0300FA7ABB /* AppDelegate.h */ = {isa = PBXFileReference; lastKnownFileType = sourcecode.c.h; path = AppDelegate.h; sourceTree = "<group>"; };
		457F8AF92B1EAB0300FA7ABB /* AppDelegate.m */ = {isa = PBXFileReference; lastKnownFileType = sourcecode.c.objc; path = AppDelegate.m; sourceTree = "<group>"; };
		457F8AFB2B1EAB0300FA7ABB /* SceneDelegate.h */ = {isa = PBXFileReference; lastKnownFileType = sourcecode.c.h; path = SceneDelegate.h; sourceTree = "<group>"; };
		457F8AFC2B1EAB0300FA7ABB /* SceneDelegate.m */ = {isa = PBXFileReference; lastKnownFileType = sourcecode.c.objc; path = SceneDelegate.m; sourceTree = "<group>"; };
		457F8B022B1EAB0300FA7ABB /* Base */ = {isa = PBXFileReference; lastKnownFileType = file.storyboard; name = Base; path = Base.lproj/Main.storyboard; sourceTree = "<group>"; };
		457F8B042B1EAB0700FA7ABB /* Assets.xcassets */ = {isa = PBXFileReference; lastKnownFileType = folder.assetcatalog; path = Assets.xcassets; sourceTree = "<group>"; };
		457F8B072B1EAB0700FA7ABB /* Base */ = {isa = PBXFileReference; lastKnownFileType = file.storyboard; name = Base; path = Base.lproj/LaunchScreen.storyboard; sourceTree = "<group>"; };
		457F8B092B1EAB0700FA7ABB /* Info.plist */ = {isa = PBXFileReference; lastKnownFileType = text.plist.xml; path = Info.plist; sourceTree = "<group>"; };
		457F8B0A2B1EAB0700FA7ABB /* main.m */ = {isa = PBXFileReference; lastKnownFileType = sourcecode.c.objc; path = main.m; sourceTree = "<group>"; };
		45A82F742B47EB5B002413AC /* RoomViewController.h */ = {isa = PBXFileReference; lastKnownFileType = sourcecode.c.h; path = RoomViewController.h; sourceTree = "<group>"; };
		45A82F752B47EB5B002413AC /* RoomViewController.m */ = {isa = PBXFileReference; lastKnownFileType = sourcecode.c.objc; path = RoomViewController.m; sourceTree = "<group>"; };
		45D49FA72B3C7350001A4E22 /* d5.png */ = {isa = PBXFileReference; lastKnownFileType = image.png; path = d5.png; sourceTree = "<group>"; };
		45D49FA82B3C7350001A4E22 /* turbooff.png */ = {isa = PBXFileReference; lastKnownFileType = image.png; path = turbooff.png; sourceTree = "<group>"; };
		45D49FA92B3C7350001A4E22 /* ecooff.png */ = {isa = PBXFileReference; lastKnownFileType = image.png; path = ecooff.png; sourceTree = "<group>"; };
		45D49FAA2B3C7350001A4E22 /* turboon.png */ = {isa = PBXFileReference; lastKnownFileType = image.png; path = turboon.png; sourceTree = "<group>"; };
		45D49FAB2B3C7350001A4E22 /* d3.png */ = {isa = PBXFileReference; lastKnownFileType = image.png; path = d3.png; sourceTree = "<group>"; };
		45D49FAC2B3C7350001A4E22 /* batteryoff.png */ = {isa = PBXFileReference; lastKnownFileType = image.png; path = batteryoff.png; sourceTree = "<group>"; };
		45D49FAD2B3C7350001A4E22 /* cooloff.png */ = {isa = PBXFileReference; lastKnownFileType = image.png; path = cooloff.png; sourceTree = "<group>"; };
		45D49FAE2B3C7350001A4E22 /* ecoon.png */ = {isa = PBXFileReference; lastKnownFileType = image.png; path = ecoon.png; sourceTree = "<group>"; };
		45D49FAF2B3C7351001A4E22 /* f3.png */ = {isa = PBXFileReference; lastKnownFileType = image.png; path = f3.png; sourceTree = "<group>"; };
		45D49FB02B3C7351001A4E22 /* batteryon.png */ = {isa = PBXFileReference; lastKnownFileType = image.png; path = batteryon.png; sourceTree = "<group>"; };
		45D49FB12B3C7351001A4E22 /* 23.png */ = {isa = PBXFileReference; lastKnownFileType = image.png; path = 23.png; sourceTree = "<group>"; };
		45D49FB22B3C7351001A4E22 /* f4.png */ = {isa = PBXFileReference; lastKnownFileType = image.png; path = f4.png; sourceTree = "<group>"; };
		45D49FB32B3C7351001A4E22 /* 22.png */ = {isa = PBXFileReference; lastKnownFileType = image.png; path = 22.png; sourceTree = "<group>"; };
		45D49FB42B3C7351001A4E22 /* f2.png */ = {isa = PBXFileReference; lastKnownFileType = image.png; path = f2.png; sourceTree = "<group>"; };
		45D49FB52B3C7351001A4E22 /* d4.png */ = {isa = PBXFileReference; lastKnownFileType = image.png; path = d4.png; sourceTree = "<group>"; };
		45D49FB62B3C7351001A4E22 /* f5.png */ = {isa = PBXFileReference; lastKnownFileType = image.png; path = f5.png; sourceTree = "<group>"; };
		45D49FB72B3C7351001A4E22 /* coolon.png */ = {isa = PBXFileReference; lastKnownFileType = image.png; path = coolon.png; sourceTree = "<group>"; };
		45D49FB82B3C7351001A4E22 /* power.png */ = {isa = PBXFileReference; lastKnownFileType = image.png; path = power.png; sourceTree = "<group>"; };
		45D49FB92B3C7351001A4E22 /* d1.png */ = {isa = PBXFileReference; lastKnownFileType = image.png; path = d1.png; sourceTree = "<group>"; };
		45D49FBA2B3C7351001A4E22 /* f1.png */ = {isa = PBXFileReference; lastKnownFileType = image.png; path = f1.png; sourceTree = "<group>"; };
		45D49FBB2B3C7351001A4E22 /* fanoff.png */ = {isa = PBXFileReference; lastKnownFileType = image.png; path = fanoff.png; sourceTree = "<group>"; };
		45D49FBC2B3C7351001A4E22 /* fanon.png */ = {isa = PBXFileReference; lastKnownFileType = image.png; path = fanon.png; sourceTree = "<group>"; };
		45D49FBD2B3C7352001A4E22 /* d2.png */ = {isa = PBXFileReference; lastKnownFileType = image.png; path = d2.png; sourceTree = "<group>"; };
		45D49FD52B3D820A001A4E22 /* add.png */ = {isa = PBXFileReference; lastKnownFileType = image.png; path = add.png; sourceTree = "<group>"; };
		45D49FD62B3D820A001A4E22 /* jia.png */ = {isa = PBXFileReference; lastKnownFileType = image.png; path = jia.png; sourceTree = "<group>"; };
		45D49FD72B3D820A001A4E22 /* jian.png */ = {isa = PBXFileReference; lastKnownFileType = image.png; path = jian.png; sourceTree = "<group>"; };
		45D49FD82B3D820A001A4E22 /* minus.png */ = {isa = PBXFileReference; lastKnownFileType = image.png; path = minus.png; sourceTree = "<group>"; };
		45D49FDD2B3D952F001A4E22 /* SemiCircleProgressView.m */ = {isa = PBXFileReference; fileEncoding = 4; lastKnownFileType = sourcecode.c.objc; path = SemiCircleProgressView.m; sourceTree = "<group>"; };
		45D4A13C2B45357B001A4E22 /* switch.png */ = {isa = PBXFileReference; lastKnownFileType = image.png; path = switch.png; sourceTree = "<group>"; };
		45DF31232B4547BA00519C55 /* detailViewController.h */ = {isa = PBXFileReference; lastKnownFileType = sourcecode.c.h; path = detailViewController.h; sourceTree = "<group>"; };
		45DF31242B4547BA00519C55 /* detailViewController.m */ = {isa = PBXFileReference; lastKnownFileType = sourcecode.c.objc; path = detailViewController.m; sourceTree = "<group>"; };
		45DF31262B4547E000519C55 /* faultsViewController.h */ = {isa = PBXFileReference; lastKnownFileType = sourcecode.c.h; path = faultsViewController.h; sourceTree = "<group>"; };
		45DF31272B4547E000519C55 /* faultsViewController.m */ = {isa = PBXFileReference; lastKnownFileType = sourcecode.c.objc; path = faultsViewController.m; sourceTree = "<group>"; };
/* End PBXFileReference section */

/* Begin PBXFrameworksBuildPhase section */
		457F8AF22B1EAB0300FA7ABB /* Frameworks */ = {
			isa = PBXFrameworksBuildPhase;
			buildActionMask = 2147483647;
			files = (
				216A410DC37138665F2757C0 /* libPods-Evacool.a in Frameworks */,
			);
			runOnlyForDeploymentPostprocessing = 0;
		};
/* End PBXFrameworksBuildPhase section */

/* Begin PBXGroup section */
		00B03C0C0C40688E63DC1E1D /* Frameworks */ = {
			isa = PBXGroup;
			children = (
				3188207C9A4E0EFE94E730D2 /* libPods-Evacool.a */,
			);
			name = Frameworks;
			sourceTree = "<group>";
		};
		0739153C318866376E96C897 /* Pods */ = {
			isa = PBXGroup;
			children = (
				3EFDE5DAEA1B853364A7C78F /* Pods-Evacool.debug.xcconfig */,
				0A2D54A10E4E4677C3A236BC /* Pods-Evacool.release.xcconfig */,
			);
			path = Pods;
			sourceTree = "<group>";
		};
		453B7A082B5DFE9D008A6457 /* Datas */ = {
			isa = PBXGroup;
			children = (
				4543B03A2B4814BC0070A847 /* DataReadR.h */,
				4543B0392B4814BC0070A847 /* DataReadR.m */,
				4543B02F2B4810580070A847 /* crc.h */,
				4543B02A2B4810580070A847 /* crc.c */,
				4543B02E2B4810580070A847 /* dataCode.h */,
				4543B02D2B4810580070A847 /* dataCode.m */,
				4543B0382B4812620070A847 /* DataRead.h */,
				4543B0302B4810580070A847 /* DataRead.m */,
				4543B0292B4810580070A847 /* DataWrite.h */,
				4543B02B2B4810580070A847 /* DataWrite.m */,
			);
			path = Datas;
			sourceTree = "<group>";
		};
		4543B03C2B4833D60070A847 /* GCA28 */ = {
			isa = PBXGroup;
			children = (
				4543B03D2B4833D60070A847 /* 8.png */,
				4543B03E2B4833D60070A847 /* 9.png */,
				4543B03F2B4833D60070A847 /* 14.png */,
				4543B0402B4833D60070A847 /* 15.png */,
				4543B0412B4833D60070A847 /* 17.png */,
				4543B0422B4833D60070A847 /* 16.png */,
				4543B0432B4833D60070A847 /* 12.png */,
				4543B0442B4833D60070A847 /* 13.png */,
				4543B0452B4833D60070A847 /* 11.png */,
				4543B0462B4833D60070A847 /* 10.png */,
				4543B0472B4833D60070A847 /* 21.png */,
				4543B0482B4833D60070A847 /* 20.png */,
				4543B0492B4833D60070A847 /* 18.png */,
				4543B04A2B4833D60070A847 /* 19.png */,
				4543B04B2B4833D60070A847 /* 4.png */,
				4543B04C2B4833D60070A847 /* 5.png */,
				4543B04D2B4833D60070A847 /* 7.png */,
				4543B04E2B4833D60070A847 /* 6.png */,
				4543B04F2B4833D60070A847 /* 2.png */,
				4543B0502B4833D60070A847 /* 3.png */,
				4543B0512B4833D60070A847 /* 1.png */,
				4543B0522B4833D60070A847 /* 0.png */,
			);
			name = GCA28;
			path = Evacool/slice/GCA28;
			sourceTree = SOURCE_ROOT;
		};
		454E9F0C2B3AEE93009F7B3A /* images */ = {
			isa = PBXGroup;
			children = (
				453B7A062B5D2FEF008A6457 /* greendot.png */,
				453B7A042B5D2B70008A6457 /* goback.png */,
				453B79FE2B5D1C16008A6457 /* a91.png */,
				453B79FF2B5D1C16008A6457 /* a1509.png */,
				453B7A002B5D1C16008A6457 /* wps.png */,
				454D861B2B5C83F200938793 /* switchoff.png */,
				454D86182B5C548100938793 /* swoff.png */,
				454D86172B5C548100938793 /* swon.png */,
				454D86152B5C36A100938793 /* btreturn.png */,
				450384812B4D0B5900184684 /* no.png */,
				4543B03C2B4833D60070A847 /* GCA28 */,
				45D4A13C2B45357B001A4E22 /* switch.png */,
				45D49FD52B3D820A001A4E22 /* add.png */,
				45D49FD62B3D820A001A4E22 /* jia.png */,
				45D49FD72B3D820A001A4E22 /* jian.png */,
				45D49FD82B3D820A001A4E22 /* minus.png */,
				45D49FB82B3C7351001A4E22 /* power.png */,
				45D49FB32B3C7351001A4E22 /* 22.png */,
				45D49FB12B3C7351001A4E22 /* 23.png */,
				45D49FAC2B3C7350001A4E22 /* batteryoff.png */,
				45D49FB02B3C7351001A4E22 /* batteryon.png */,
				45D49FAD2B3C7350001A4E22 /* cooloff.png */,
				45D49FB72B3C7351001A4E22 /* coolon.png */,
				45D49FB92B3C7351001A4E22 /* d1.png */,
				45D49FBD2B3C7352001A4E22 /* d2.png */,
				45D49FAB2B3C7350001A4E22 /* d3.png */,
				45D49FB52B3C7351001A4E22 /* d4.png */,
				45D49FA72B3C7350001A4E22 /* d5.png */,
				45D49FA92B3C7350001A4E22 /* ecooff.png */,
				45D49FAE2B3C7350001A4E22 /* ecoon.png */,
				45D49FBA2B3C7351001A4E22 /* f1.png */,
				45D49FB42B3C7351001A4E22 /* f2.png */,
				45D49FAF2B3C7351001A4E22 /* f3.png */,
				45D49FB22B3C7351001A4E22 /* f4.png */,
				45D49FB62B3C7351001A4E22 /* f5.png */,
				45D49FBB2B3C7351001A4E22 /* fanoff.png */,
				45D49FBC2B3C7351001A4E22 /* fanon.png */,
				45D49FA82B3C7350001A4E22 /* turbooff.png */,
				45D49FAA2B3C7350001A4E22 /* turboon.png */,
				450858A22B3B195900770387 /* germany.png */,
				450858A32B3B195900770387 /* instein.png */,
				450858932B3B18ED00770387 /* battery.png */,
				450858962B3B18ED00770387 /* bluetooth.png */,
				450858982B3B18ED00770387 /* eco.png */,
				450858952B3B18ED00770387 /* fan1.png */,
				450858942B3B18ED00770387 /* fan2.png */,
				450858922B3B18EC00770387 /* fan3.png */,
				450858972B3B18ED00770387 /* qr.png */,
				450858992B3B18ED00770387 /* TURBO.png */,
				4567B8C42B3B146D006DD662 /* imagetop.png */,
				4567B8C22B3B06EE006DD662 /* imagehome.png */,
				454E9F462B3AF08E009F7B3A /* arefaction_off.png */,
				454E9F132B3AF08B009F7B3A /* arefaction_on.png */,
				454E9F332B3AF08D009F7B3A /* back_mine.png */,
				454E9F1A2B3AF08C009F7B3A /* fan_off.png */,
				454E9F292B3AF08D009F7B3A /* fan_on.png */,
				454E9F232B3AF08C009F7B3A /* heat_off.png */,
				454E9F4D2B3AF08E009F7B3A /* heat_on.png */,
				454E9F162B3AF08C009F7B3A /* home_car.png */,
				454E9F522B3AF08F009F7B3A /* ice_on.png */,
				454E9F392B3AF08E009F7B3A /* ice.png */,
				454E9F222B3AF08C009F7B3A /* light_off.png */,
				454E9F432B3AF08E009F7B3A /* light_on.png */,
				454E9F402B3AF08E009F7B3A /* logo.png */,
				454E9F422B3AF08E009F7B3A /* mine.png */,
				454E9F2D2B3AF08D009F7B3A /* my_logo.jpg */,
				454E9F4E2B3AF08F009F7B3A /* new_background.jpg */,
				454E9F272B3AF08D009F7B3A /* new_light_off.png */,
				454E9F1E2B3AF08C009F7B3A /* new_light_on.png */,
				454E9F142B3AF08B009F7B3A /* plus.png */,
				454E9F2A2B3AF08D009F7B3A /* qrcode.jpg */,
				454E9F3B2B3AF08E009F7B3A /* share_logo.png */,
				454E9F4B2B3AF08E009F7B3A /* sleep_off.png */,
				454E9F352B3AF08D009F7B3A /* sleep_on.png */,
				454E9F152B3AF08C009F7B3A /* swap.png */,
				454E9F242B3AF08C009F7B3A /* switch_off.png */,
				454E9F3C2B3AF08E009F7B3A /* switch_on.png */,
				454E9F3E2B3AF08E009F7B3A /* switch.png */,
				454E9F0D2B3AEE93009F7B3A /* rv12.png */,
				454E9F0E2B3AEE93009F7B3A /* trunk.png */,
				454E9F0F2B3AEE93009F7B3A /* rv24.png */,
			);
			path = images;
			sourceTree = "<group>";
		};
		457F8AEC2B1EAB0300FA7ABB = {
			isa = PBXGroup;
			children = (
				4552FDB12B57777900FE693F /* CDZQRScanViewController.h */,
				4552FDB22B57777900FE693F /* CDZQRScanViewController.m */,
				4552FDAE2B57774000FE693F /* CDZQRScanView.h */,
				4552FDAF2B57774000FE693F /* CDZQRScanView.m */,
				453B7A082B5DFE9D008A6457 /* Datas */,
				454E9F0C2B3AEE93009F7B3A /* images */,
				457F8AF72B1EAB0300FA7ABB /* Evacool */,
				457F8AF62B1EAB0300FA7ABB /* Products */,
				0739153C318866376E96C897 /* Pods */,
				00B03C0C0C40688E63DC1E1D /* Frameworks */,
			);
			sourceTree = "<group>";
		};
		457F8AF62B1EAB0300FA7ABB /* Products */ = {
			isa = PBXGroup;
			children = (
				457F8AF52B1EAB0300FA7ABB /* Evacool.app */,
			);
			name = Products;
			sourceTree = "<group>";
		};
		457F8AF72B1EAB0300FA7ABB /* Evacool */ = {
			isa = PBXGroup;
			children = (
				454E4D4A2B48086F00B0423E /* SemiCircleProgressView.h */,
				45D49FDD2B3D952F001A4E22 /* SemiCircleProgressView.m */,
				453B79F82B5CF97F008A6457 /* RegistViewController.h */,
				453B79F92B5CF97F008A6457 /* RegistViewController.m */,
				453B79FB2B5D0ED0008A6457 /* ProfileViewController.h */,
				453B79FC2B5D0ED0008A6457 /* ProfileViewController.m */,
				4562D7952B5C21FD007C871C /* LogoViewController.h */,
				4562D7962B5C21FD007C871C /* LogoViewController.m */,
				453E12492B3AC20200D5C032 /* HomeViewController.h */,
				453E124A2B3AC20200D5C032 /* HomeViewController.m */,
				450858A62B3B257100770387 /* TruckViewController.h */,
				450858A72B3B257100770387 /* TruckViewController.m */,
				45DF31232B4547BA00519C55 /* detailViewController.h */,
				45DF31242B4547BA00519C55 /* detailViewController.m */,
				45DF31262B4547E000519C55 /* faultsViewController.h */,
				45DF31272B4547E000519C55 /* faultsViewController.m */,
				45A82F742B47EB5B002413AC /* RoomViewController.h */,
				45A82F752B47EB5B002413AC /* RoomViewController.m */,
				457F8AF82B1EAB0300FA7ABB /* AppDelegate.h */,
				457F8AF92B1EAB0300FA7ABB /* AppDelegate.m */,
				457F8AFB2B1EAB0300FA7ABB /* SceneDelegate.h */,
				457F8AFC2B1EAB0300FA7ABB /* SceneDelegate.m */,
				457F8B012B1EAB0300FA7ABB /* Main.storyboard */,
				457F8B042B1EAB0700FA7ABB /* Assets.xcassets */,
				457F8B062B1EAB0700FA7ABB /* LaunchScreen.storyboard */,
				457F8B092B1EAB0700FA7ABB /* Info.plist */,
				457F8B0A2B1EAB0700FA7ABB /* main.m */,
			);
			path = Evacool;
			sourceTree = "<group>";
		};
/* End PBXGroup section */

/* Begin PBXNativeTarget section */
		457F8AF42B1EAB0300FA7ABB /* Evacool */ = {
			isa = PBXNativeTarget;
			buildConfigurationList = 457F8B0E2B1EAB0700FA7ABB /* Build configuration list for PBXNativeTarget "Evacool" */;
			buildPhases = (
				8DCA3AE1696C27A229EB7BD7 /* [CP] Check Pods Manifest.lock */,
				457F8AF12B1EAB0300FA7ABB /* Sources */,
				457F8AF22B1EAB0300FA7ABB /* Frameworks */,
				457F8AF32B1EAB0300FA7ABB /* Resources */,
			);
			buildRules = (
			);
			dependencies = (
			);
			name = Evacool;
			productName = Evacool;
			productReference = 457F8AF52B1EAB0300FA7ABB /* Evacool.app */;
			productType = "com.apple.product-type.application";
		};
/* End PBXNativeTarget section */

/* Begin PBXProject section */
		457F8AED2B1EAB0300FA7ABB /* Project object */ = {
			isa = PBXProject;
			attributes = {
				BuildIndependentTargetsInParallel = 1;
				LastUpgradeCheck = 1340;
				TargetAttributes = {
					457F8AF42B1EAB0300FA7ABB = {
						CreatedOnToolsVersion = 13.4.1;
					};
				};
			};
			buildConfigurationList = 457F8AF02B1EAB0300FA7ABB /* Build configuration list for PBXProject "Evacool" */;
			compatibilityVersion = "Xcode 13.0";
			developmentRegion = en;
			hasScannedForEncodings = 0;
			knownRegions = (
				en,
				Base,
			);
			mainGroup = 457F8AEC2B1EAB0300FA7ABB;
			productRefGroup = 457F8AF62B1EAB0300FA7ABB /* Products */;
			projectDirPath = "";
			projectRoot = "";
			targets = (
				457F8AF42B1EAB0300FA7ABB /* Evacool */,
			);
		};
/* End PBXProject section */

/* Begin PBXResourcesBuildPhase section */
		457F8AF32B1EAB0300FA7ABB /* Resources */ = {
			isa = PBXResourcesBuildPhase;
			buildActionMask = 2147483647;
			files = (
				454E9F932B3AF08F009F7B3A /* ice_on.png in Resources */,
				454E9F8F2B3AF08F009F7B3A /* new_background.jpg in Resources */,
				454E9F812B3AF08F009F7B3A /* logo.png in Resources */,
				45D49FC02B3C7352001A4E22 /* ecooff.png in Resources */,
				45D49FD22B3C7352001A4E22 /* fanoff.png in Resources */,
				45D49FD32B3C7352001A4E22 /* fanon.png in Resources */,
				454E9F832B3AF08F009F7B3A /* mine.png in Resources */,
				453B7A012B5D1C16008A6457 /* a91.png in Resources */,
				457F8B082B1EAB0700FA7ABB /* LaunchScreen.storyboard in Resources */,
				454E9F642B3AF08F009F7B3A /* heat_off.png in Resources */,
				454E9F7C2B3AF08F009F7B3A /* share_logo.png in Resources */,
				4543B05E2B4833D60070A847 /* 20.png in Resources */,
				453B7A052B5D2B70008A6457 /* goback.png in Resources */,
				457F8B052B1EAB0700FA7ABB /* Assets.xcassets in Resources */,
				454E9F872B3AF08F009F7B3A /* arefaction_off.png in Resources */,
				4567B8C32B3B06EF006DD662 /* imagehome.png in Resources */,
				4543B0572B4833D60070A847 /* 17.png in Resources */,
				45D49FD12B3C7352001A4E22 /* f1.png in Resources */,
				454D86162B5C36A100938793 /* btreturn.png in Resources */,
				45D49FBF2B3C7352001A4E22 /* turbooff.png in Resources */,
				45D49FC42B3C7352001A4E22 /* cooloff.png in Resources */,
				453B7A072B5D2FEF008A6457 /* greendot.png in Resources */,
				45D49FC72B3C7352001A4E22 /* batteryon.png in Resources */,
				454E9F652B3AF08F009F7B3A /* switch_off.png in Resources */,
				4543B0542B4833D60070A847 /* 9.png in Resources */,
				4508589D2B3B18ED00770387 /* fan1.png in Resources */,
				45D49FCD2B3C7352001A4E22 /* f5.png in Resources */,
				4543B0562B4833D60070A847 /* 15.png in Resources */,
				450858A42B3B195900770387 /* germany.png in Resources */,
				454E9F562B3AF08F009F7B3A /* swap.png in Resources */,
				454E9F572B3AF08F009F7B3A /* home_car.png in Resources */,
				4543B0632B4833D60070A847 /* 7.png in Resources */,
				453B7A022B5D1C16008A6457 /* a1509.png in Resources */,
				454E9F7A2B3AF08F009F7B3A /* ice.png in Resources */,
				4543B05B2B4833D60070A847 /* 11.png in Resources */,
				4543B0582B4833D60070A847 /* 16.png in Resources */,
				454E9F5F2B3AF08F009F7B3A /* new_light_on.png in Resources */,
				4543B05A2B4833D60070A847 /* 13.png in Resources */,
				454E9F632B3AF08F009F7B3A /* light_off.png in Resources */,
				4543B05D2B4833D60070A847 /* 21.png in Resources */,
				454D86192B5C548100938793 /* swon.png in Resources */,
				454D861A2B5C548100938793 /* swoff.png in Resources */,
				454E9F112B3AEE93009F7B3A /* trunk.png in Resources */,
				454E9F682B3AF08F009F7B3A /* new_light_off.png in Resources */,
				4508589B2B3B18ED00770387 /* battery.png in Resources */,
				454D861C2B5C83F200938793 /* switchoff.png in Resources */,
				450858A02B3B18ED00770387 /* eco.png in Resources */,
				45D49FD92B3D820A001A4E22 /* add.png in Resources */,
				45D49FD42B3C7352001A4E22 /* d2.png in Resources */,
				453B7A032B5D1C16008A6457 /* wps.png in Resources */,
				4543B0532B4833D60070A847 /* 8.png in Resources */,
				45D49FCC2B3C7352001A4E22 /* d4.png in Resources */,
				454E9F5B2B3AF08F009F7B3A /* fan_off.png in Resources */,
				454E9F6B2B3AF08F009F7B3A /* qrcode.jpg in Resources */,
				4543B0612B4833D60070A847 /* 4.png in Resources */,
				45D49FC32B3C7352001A4E22 /* batteryoff.png in Resources */,
				4543B0552B4833D60070A847 /* 14.png in Resources */,
				4543B0662B4833D60070A847 /* 3.png in Resources */,
				454E9F102B3AEE93009F7B3A /* rv12.png in Resources */,
				454E9F7D2B3AF08F009F7B3A /* switch_on.png in Resources */,
				4543B0652B4833D60070A847 /* 2.png in Resources */,
				45D49FC12B3C7352001A4E22 /* turboon.png in Resources */,
				457F8B032B1EAB0300FA7ABB /* Main.storyboard in Resources */,
				450384822B4D0B5900184684 /* no.png in Resources */,
				4543B0602B4833D60070A847 /* 19.png in Resources */,
				45D49FD02B3C7352001A4E22 /* d1.png in Resources */,
				45D49FCB2B3C7352001A4E22 /* f2.png in Resources */,
				45D49FCE2B3C7352001A4E22 /* coolon.png in Resources */,
				45D49FDA2B3D820A001A4E22 /* jia.png in Resources */,
				454E9F6E2B3AF08F009F7B3A /* my_logo.jpg in Resources */,
				450858A52B3B195900770387 /* instein.png in Resources */,
				4508589F2B3B18ED00770387 /* qr.png in Resources */,
				45D49FBE2B3C7352001A4E22 /* d5.png in Resources */,
				45D49FCA2B3C7352001A4E22 /* 22.png in Resources */,
				454E9F7F2B3AF08F009F7B3A /* switch.png in Resources */,
				4508589C2B3B18ED00770387 /* fan2.png in Resources */,
				45D49FC62B3C7352001A4E22 /* f3.png in Resources */,
				4543B0672B4833D60070A847 /* 1.png in Resources */,
				4543B05C2B4833D60070A847 /* 10.png in Resources */,
				454E9F762B3AF08F009F7B3A /* sleep_on.png in Resources */,
				45D49FDC2B3D820A001A4E22 /* minus.png in Resources */,
				4543B0592B4833D60070A847 /* 12.png in Resources */,
				45D4A13D2B45357B001A4E22 /* switch.png in Resources */,
				45D49FC22B3C7352001A4E22 /* d3.png in Resources */,
				454E9F742B3AF08F009F7B3A /* back_mine.png in Resources */,
				45D49FC82B3C7352001A4E22 /* 23.png in Resources */,
				4543B0682B4833D60070A847 /* 0.png in Resources */,
				454E9F122B3AEE93009F7B3A /* rv24.png in Resources */,
				4543B0622B4833D60070A847 /* 5.png in Resources */,
				454E9F542B3AF08F009F7B3A /* arefaction_on.png in Resources */,
				454E9F842B3AF08F009F7B3A /* light_on.png in Resources */,
				45D49FC92B3C7352001A4E22 /* f4.png in Resources */,
				4543B05F2B4833D60070A847 /* 18.png in Resources */,
				454E9F8C2B3AF08F009F7B3A /* sleep_off.png in Resources */,
				454E9F8E2B3AF08F009F7B3A /* heat_on.png in Resources */,
				4567B8C52B3B146D006DD662 /* imagetop.png in Resources */,
				4508589A2B3B18ED00770387 /* fan3.png in Resources */,
				45D49FCF2B3C7352001A4E22 /* power.png in Resources */,
				4543B0642B4833D60070A847 /* 6.png in Resources */,
				454E9F6A2B3AF08F009F7B3A /* fan_on.png in Resources */,
				454E9F552B3AF08F009F7B3A /* plus.png in Resources */,
				4508589E2B3B18ED00770387 /* bluetooth.png in Resources */,
				45D49FDB2B3D820A001A4E22 /* jian.png in Resources */,
				45D49FC52B3C7352001A4E22 /* ecoon.png in Resources */,
				450858A12B3B18ED00770387 /* TURBO.png in Resources */,
			);
			runOnlyForDeploymentPostprocessing = 0;
		};
/* End PBXResourcesBuildPhase section */

/* Begin PBXShellScriptBuildPhase section */
		8DCA3AE1696C27A229EB7BD7 /* [CP] Check Pods Manifest.lock */ = {
			isa = PBXShellScriptBuildPhase;
			buildActionMask = 2147483647;
			files = (
			);
			inputFileListPaths = (
			);
			inputPaths = (
				"${PODS_PODFILE_DIR_PATH}/Podfile.lock",
				"${PODS_ROOT}/Manifest.lock",
			);
			name = "[CP] Check Pods Manifest.lock";
			outputFileListPaths = (
			);
			outputPaths = (
				"$(DERIVED_FILE_DIR)/Pods-Evacool-checkManifestLockResult.txt",
			);
			runOnlyForDeploymentPostprocessing = 0;
			shellPath = /bin/sh;
			shellScript = "diff \"${PODS_PODFILE_DIR_PATH}/Podfile.lock\" \"${PODS_ROOT}/Manifest.lock\" > /dev/null\nif [ $? != 0 ] ; then\n    # print error to STDERR\n    echo \"error: The sandbox is not in sync with the Podfile.lock. Run 'pod install' or update your CocoaPods installation.\" >&2\n    exit 1\nfi\n# This output is used by Xcode 'outputs' to avoid re-running this script phase.\necho \"SUCCESS\" > \"${SCRIPT_OUTPUT_FILE_0}\"\n";
			showEnvVarsInLog = 0;
		};
/* End PBXShellScriptBuildPhase section */

/* Begin PBXSourcesBuildPhase section */
		457F8AF12B1EAB0300FA7ABB /* Sources */ = {
			isa = PBXSourcesBuildPhase;
			buildActionMask = 2147483647;
			files = (
				4543B0332B4810590070A847 /* crc.c in Sources */,
				4543B0362B4810590070A847 /* DataRead.m in Sources */,
				457F8AFA2B1EAB0300FA7ABB /* AppDelegate.m in Sources */,
				453B79FD2B5D0ED0008A6457 /* ProfileViewController.m in Sources */,
				457F8B0B2B1EAB0700FA7ABB /* main.m in Sources */,
				45DF31252B4547BA00519C55 /* detailViewController.m in Sources */,
				450858A82B3B257100770387 /* TruckViewController.m in Sources */,
				4543B03B2B4814BD0070A847 /* DataReadR.m in Sources */,
				4552FDB02B57774000FE693F /* CDZQRScanView.m in Sources */,
				4543B0352B4810590070A847 /* dataCode.m in Sources */,
				45DF31282B4547E000519C55 /* faultsViewController.m in Sources */,
				45A82F762B47EB5C002413AC /* RoomViewController.m in Sources */,
				45D49FDF2B3D952F001A4E22 /* SemiCircleProgressView.m in Sources */,
				4562D7972B5C21FD007C871C /* LogoViewController.m in Sources */,
				4552FDB32B57777900FE693F /* CDZQRScanViewController.m in Sources */,
				453B79FA2B5CF97F008A6457 /* RegistViewController.m in Sources */,
				457F8AFD2B1EAB0300FA7ABB /* SceneDelegate.m in Sources */,
				453E124B2B3AC20200D5C032 /* HomeViewController.m in Sources */,
				4543B0342B4810590070A847 /* DataWrite.m in Sources */,
			);
			runOnlyForDeploymentPostprocessing = 0;
		};
/* End PBXSourcesBuildPhase section */

/* Begin PBXVariantGroup section */
		457F8B012B1EAB0300FA7ABB /* Main.storyboard */ = {
			isa = PBXVariantGroup;
			children = (
				457F8B022B1EAB0300FA7ABB /* Base */,
			);
			name = Main.storyboard;
			sourceTree = "<group>";
		};
		457F8B062B1EAB0700FA7ABB /* LaunchScreen.storyboard */ = {
			isa = PBXVariantGroup;
			children = (
				457F8B072B1EAB0700FA7ABB /* Base */,
			);
			name = LaunchScreen.storyboard;
			sourceTree = "<group>";
		};
/* End PBXVariantGroup section */

/* Begin XCBuildConfiguration section */
		457F8B0C2B1EAB0700FA7ABB /* Debug */ = {
			isa = XCBuildConfiguration;
			buildSettings = {
				ALWAYS_SEARCH_USER_PATHS = NO;
				CLANG_ANALYZER_NONNULL = YES;
				CLANG_ANALYZER_NUMBER_OBJECT_CONVERSION = YES_AGGRESSIVE;
				CLANG_CXX_LANGUAGE_STANDARD = "gnu++17";
				CLANG_ENABLE_MODULES = YES;
				CLANG_ENABLE_OBJC_ARC = YES;
				CLANG_ENABLE_OBJC_WEAK = YES;
				CLANG_WARN_BLOCK_CAPTURE_AUTORELEASING = YES;
				CLANG_WARN_BOOL_CONVERSION = YES;
				CLANG_WARN_COMMA = YES;
				CLANG_WARN_CONSTANT_CONVERSION = YES;
				CLANG_WARN_DEPRECATED_OBJC_IMPLEMENTATIONS = YES;
				CLANG_WARN_DIRECT_OBJC_ISA_USAGE = YES_ERROR;
				CLANG_WARN_DOCUMENTATION_COMMENTS = YES;
				CLANG_WARN_EMPTY_BODY = YES;
				CLANG_WARN_ENUM_CONVERSION = YES;
				CLANG_WARN_INFINITE_RECURSION = YES;
				CLANG_WARN_INT_CONVERSION = YES;
				CLANG_WARN_NON_LITERAL_NULL_CONVERSION = YES;
				CLANG_WARN_OBJC_IMPLICIT_RETAIN_SELF = YES;
				CLANG_WARN_OBJC_LITERAL_CONVERSION = YES;
				CLANG_WARN_OBJC_ROOT_CLASS = YES_ERROR;
				CLANG_WARN_QUOTED_INCLUDE_IN_FRAMEWORK_HEADER = YES;
				CLANG_WARN_RANGE_LOOP_ANALYSIS = YES;
				CLANG_WARN_STRICT_PROTOTYPES = YES;
				CLANG_WARN_SUSPICIOUS_MOVE = YES;
				CLANG_WARN_UNGUARDED_AVAILABILITY = YES_AGGRESSIVE;
				CLANG_WARN_UNREACHABLE_CODE = YES;
				CLANG_WARN__DUPLICATE_METHOD_MATCH = YES;
				COPY_PHASE_STRIP = NO;
				DEBUG_INFORMATION_FORMAT = dwarf;
				ENABLE_STRICT_OBJC_MSGSEND = YES;
				ENABLE_TESTABILITY = YES;
				GCC_C_LANGUAGE_STANDARD = gnu11;
				GCC_DYNAMIC_NO_PIC = NO;
				GCC_NO_COMMON_BLOCKS = YES;
				GCC_OPTIMIZATION_LEVEL = 0;
				GCC_PREPROCESSOR_DEFINITIONS = (
					"DEBUG=1",
					"$(inherited)",
				);
				GCC_WARN_64_TO_32_BIT_CONVERSION = YES;
				GCC_WARN_ABOUT_RETURN_TYPE = YES_ERROR;
				GCC_WARN_UNDECLARED_SELECTOR = YES;
				GCC_WARN_UNINITIALIZED_AUTOS = YES_AGGRESSIVE;
				GCC_WARN_UNUSED_FUNCTION = YES;
				GCC_WARN_UNUSED_VARIABLE = YES;
				IPHONEOS_DEPLOYMENT_TARGET = 12.0;
				MTL_ENABLE_DEBUG_INFO = INCLUDE_SOURCE;
				MTL_FAST_MATH = YES;
				ONLY_ACTIVE_ARCH = YES;
				SDKROOT = iphoneos;
			};
			name = Debug;
		};
		457F8B0D2B1EAB0700FA7ABB /* Release */ = {
			isa = XCBuildConfiguration;
			buildSettings = {
				ALWAYS_SEARCH_USER_PATHS = NO;
				CLANG_ANALYZER_NONNULL = YES;
				CLANG_ANALYZER_NUMBER_OBJECT_CONVERSION = YES_AGGRESSIVE;
				CLANG_CXX_LANGUAGE_STANDARD = "gnu++17";
				CLANG_ENABLE_MODULES = YES;
				CLANG_ENABLE_OBJC_ARC = YES;
				CLANG_ENABLE_OBJC_WEAK = YES;
				CLANG_WARN_BLOCK_CAPTURE_AUTORELEASING = YES;
				CLANG_WARN_BOOL_CONVERSION = YES;
				CLANG_WARN_COMMA = YES;
				CLANG_WARN_CONSTANT_CONVERSION = YES;
				CLANG_WARN_DEPRECATED_OBJC_IMPLEMENTATIONS = YES;
				CLANG_WARN_DIRECT_OBJC_ISA_USAGE = YES_ERROR;
				CLANG_WARN_DOCUMENTATION_COMMENTS = YES;
				CLANG_WARN_EMPTY_BODY = YES;
				CLANG_WARN_ENUM_CONVERSION = YES;
				CLANG_WARN_INFINITE_RECURSION = YES;
				CLANG_WARN_INT_CONVERSION = YES;
				CLANG_WARN_NON_LITERAL_NULL_CONVERSION = YES;
				CLANG_WARN_OBJC_IMPLICIT_RETAIN_SELF = YES;
				CLANG_WARN_OBJC_LITERAL_CONVERSION = YES;
				CLANG_WARN_OBJC_ROOT_CLASS = YES_ERROR;
				CLANG_WARN_QUOTED_INCLUDE_IN_FRAMEWORK_HEADER = YES;
				CLANG_WARN_RANGE_LOOP_ANALYSIS = YES;
				CLANG_WARN_STRICT_PROTOTYPES = YES;
				CLANG_WARN_SUSPICIOUS_MOVE = YES;
				CLANG_WARN_UNGUARDED_AVAILABILITY = YES_AGGRESSIVE;
				CLANG_WARN_UNREACHABLE_CODE = YES;
				CLANG_WARN__DUPLICATE_METHOD_MATCH = YES;
				COPY_PHASE_STRIP = NO;
				DEBUG_INFORMATION_FORMAT = "dwarf-with-dsym";
				ENABLE_NS_ASSERTIONS = NO;
				ENABLE_STRICT_OBJC_MSGSEND = YES;
				GCC_C_LANGUAGE_STANDARD = gnu11;
				GCC_NO_COMMON_BLOCKS = YES;
				GCC_WARN_64_TO_32_BIT_CONVERSION = YES;
				GCC_WARN_ABOUT_RETURN_TYPE = YES_ERROR;
				GCC_WARN_UNDECLARED_SELECTOR = YES;
				GCC_WARN_UNINITIALIZED_AUTOS = YES_AGGRESSIVE;
				GCC_WARN_UNUSED_FUNCTION = YES;
				GCC_WARN_UNUSED_VARIABLE = YES;
				IPHONEOS_DEPLOYMENT_TARGET = 12.0;
				MTL_ENABLE_DEBUG_INFO = NO;
				MTL_FAST_MATH = YES;
				SDKROOT = iphoneos;
				VALIDATE_PRODUCT = YES;
			};
			name = Release;
		};
		457F8B0F2B1EAB0700FA7ABB /* Debug */ = {
			isa = XCBuildConfiguration;
			baseConfigurationReference = 3EFDE5DAEA1B853364A7C78F /* Pods-Evacool.debug.xcconfig */;
			buildSettings = {
				ASSETCATALOG_COMPILER_APPICON_NAME = AppIcon;
				ASSETCATALOG_COMPILER_GLOBAL_ACCENT_COLOR_NAME = AccentColor;
				CODE_SIGN_STYLE = Automatic;
				CURRENT_PROJECT_VERSION = 1;
				DEVELOPMENT_TEAM = KVC8NZTYE2;
				GENERATE_INFOPLIST_FILE = YES;
				INFOPLIST_FILE = Evacool/Info.plist;
				INFOPLIST_KEY_NSBluetoothAlwaysUsageDescription = "This app will use your bluetooth to connect device";
				INFOPLIST_KEY_NSBluetoothPeripheralUsageDescription = "The app will connect device";
				INFOPLIST_KEY_NSCameraUsageDescription = "This app will use your camera to scan QR code";
				INFOPLIST_KEY_UIApplicationSupportsIndirectInputEvents = YES;
				INFOPLIST_KEY_UILaunchStoryboardName = LaunchScreen;
				INFOPLIST_KEY_UIMainStoryboardFile = Main;
				INFOPLIST_KEY_UISupportedInterfaceOrientations_iPad = "UIInterfaceOrientationPortrait UIInterfaceOrientationPortraitUpsideDown UIInterfaceOrientationLandscapeLeft UIInterfaceOrientationLandscapeRight";
				INFOPLIST_KEY_UISupportedInterfaceOrientations_iPhone = "UIInterfaceOrientationPortrait UIInterfaceOrientationLandscapeLeft UIInterfaceOrientationLandscapeRight";
				LD_RUNPATH_SEARCH_PATHS = (
					"$(inherited)",
					"@executable_path/Frameworks",
				);
				MARKETING_VERSION = 1.3.1;
				PRODUCT_BUNDLE_IDENTIFIER = com.luoxs.www.Evacool;
				PRODUCT_NAME = "$(TARGET_NAME)";
				SWIFT_EMIT_LOC_STRINGS = YES;
				TARGETED_DEVICE_FAMILY = "1,2";
			};
			name = Debug;
		};
		457F8B102B1EAB0700FA7ABB /* Release */ = {
			isa = XCBuildConfiguration;
			baseConfigurationReference = 0A2D54A10E4E4677C3A236BC /* Pods-Evacool.release.xcconfig */;
			buildSettings = {
				ASSETCATALOG_COMPILER_APPICON_NAME = AppIcon;
				ASSETCATALOG_COMPILER_GLOBAL_ACCENT_COLOR_NAME = AccentColor;
				CODE_SIGN_STYLE = Automatic;
				CURRENT_PROJECT_VERSION = 1;
				DEVELOPMENT_TEAM = KVC8NZTYE2;
				GENERATE_INFOPLIST_FILE = YES;
				INFOPLIST_FILE = Evacool/Info.plist;
				INFOPLIST_KEY_NSBluetoothAlwaysUsageDescription = "This app will use your bluetooth to connect device";
				INFOPLIST_KEY_NSBluetoothPeripheralUsageDescription = "The app will connect device";
				INFOPLIST_KEY_NSCameraUsageDescription = "This app will use your camera to scan QR code";
				INFOPLIST_KEY_UIApplicationSupportsIndirectInputEvents = YES;
				INFOPLIST_KEY_UILaunchStoryboardName = LaunchScreen;
				INFOPLIST_KEY_UIMainStoryboardFile = Main;
				INFOPLIST_KEY_UISupportedInterfaceOrientations_iPad = "UIInterfaceOrientationPortrait UIInterfaceOrientationPortraitUpsideDown UIInterfaceOrientationLandscapeLeft UIInterfaceOrientationLandscapeRight";
				INFOPLIST_KEY_UISupportedInterfaceOrientations_iPhone = "UIInterfaceOrientationPortrait UIInterfaceOrientationLandscapeLeft UIInterfaceOrientationLandscapeRight";
				LD_RUNPATH_SEARCH_PATHS = (
					"$(inherited)",
					"@executable_path/Frameworks",
				);
				MARKETING_VERSION = 1.3.1;
				PRODUCT_BUNDLE_IDENTIFIER = com.luoxs.www.Evacool;
				PRODUCT_NAME = "$(TARGET_NAME)";
				SWIFT_EMIT_LOC_STRINGS = YES;
				TARGETED_DEVICE_FAMILY = "1,2";
			};
			name = Release;
		};
/* End XCBuildConfiguration section */

/* Begin XCConfigurationList section */
		457F8AF02B1EAB0300FA7ABB /* Build configuration list for PBXProject "Evacool" */ = {
			isa = XCConfigurationList;
			buildConfigurations = (
				457F8B0C2B1EAB0700FA7ABB /* Debug */,
				457F8B0D2B1EAB0700FA7ABB /* Release */,
			);
			defaultConfigurationIsVisible = 0;
			defaultConfigurationName = Release;
		};
		457F8B0E2B1EAB0700FA7ABB /* Build configuration list for PBXNativeTarget "Evacool" */ = {
			isa = XCConfigurationList;
			buildConfigurations = (
				457F8B0F2B1EAB0700FA7ABB /* Debug */,
				457F8B102B1EAB0700FA7ABB /* Release */,
			);
			defaultConfigurationIsVisible = 0;
			defaultConfigurationName = Release;
		};
/* End XCConfigurationList section */
	};
	rootObject = 457F8AED2B1EAB0300FA7ABB /* Project object */;
}
